# This file is automatically @generated by Cargo.
# It is not intended for manual editing.
version = 3

[[package]]
name = "catch-all-patterns"
version = "0.1.0"

[[package]]
name = "comments"
version = "0.1.0"

[[package]]
name = "control_flow"
version = "0.1.0"

[[package]]
name = "data_types"
version = "0.1.0"

[[package]]
name = "defining_structs"
version = "0.1.0"

[[package]]
name = "functions"
version = "0.1.0"

[[package]]
name = "hello_cargo"
version = "0.1.0"

[[package]]
name = "hello_world"
version = "0.1.0"

[[package]]
name = "ip-addr-kind"
version = "0.1.0"

[[package]]
name = "match-control-flow"
version = "0.1.0"

[[package]]
name = "matching-with-option"
version = "0.1.0"

[[package]]
name = "option-enum"
version = "0.1.0"

[[package]]
name = "ownership_and_functions"
version = "0.1.0"

[[package]]
name = "rectangles"
version = "0.1.0"

[[package]]
name = "references_and_borrowing"
version = "0.1.0"

[[package]]
name = "return_values_and_scope"
version = "0.1.0"

[[package]]
name = "slice-type"
version = "0.1.0"

[[package]]
name = "string_stuff"
version = "0.1.0"

[[package]]
name = "variables"
version = "0.1.0"
